// !$*UTF8*$!
{
	archiveVersion = 1;
	classes = {
	};
	objectVersion = 56;
	objects = {

/* Begin PBXBuildFile section */
		0E22D8012A346102007217A5 /* CatalogView.swift in Sources */ = {isa = PBXBuildFile; fileRef = 0E22D8002A346102007217A5 /* CatalogView.swift */; };
		0E22D8032A3461D6007217A5 /* CatalogItemView.swift in Sources */ = {isa = PBXBuildFile; fileRef = 0E22D8022A3461D6007217A5 /* CatalogItemView.swift */; };
		0E22D8052A346D65007217A5 /* CatalogSurroundingView.swift in Sources */ = {isa = PBXBuildFile; fileRef = 0E22D8042A346D65007217A5 /* CatalogSurroundingView.swift */; };
		2026DDF52A34316F00AE89B9 /* Colors.xcassets in Resources */ = {isa = PBXBuildFile; fileRef = 2026DDF42A34316F00AE89B9 /* Colors.xcassets */; };
		2026DDF82A34347F00AE89B9 /* OnboardingContentView.swift in Sources */ = {isa = PBXBuildFile; fileRef = 2026DDF72A34347F00AE89B9 /* OnboardingContentView.swift */; };
		2026DDFA2A34349300AE89B9 /* OnboardingMBTIView.swift in Sources */ = {isa = PBXBuildFile; fileRef = 2026DDF92A34349300AE89B9 /* OnboardingMBTIView.swift */; };
		203B392E2A345D400097A9D7 /* Array+.swift in Sources */ = {isa = PBXBuildFile; fileRef = 203B392D2A345D400097A9D7 /* Array+.swift */; };
		203B39322A34603D0097A9D7 /* ListItemView.swift in Sources */ = {isa = PBXBuildFile; fileRef = 203B39302A34603D0097A9D7 /* ListItemView.swift */; };
		203B39332A34603D0097A9D7 /* MainView.swift in Sources */ = {isa = PBXBuildFile; fileRef = 203B39312A34603D0097A9D7 /* MainView.swift */; };
		20FE101C2A3441AB006B1B7F /* OnboardingMBTISelectView.swift in Sources */ = {isa = PBXBuildFile; fileRef = 20FE101B2A3441AB006B1B7F /* OnboardingMBTISelectView.swift */; };
		20FE101E2A34420B006B1B7F /* OnboardingMBTISelectItemView.swift in Sources */ = {isa = PBXBuildFile; fileRef = 20FE101D2A34420B006B1B7F /* OnboardingMBTISelectItemView.swift */; };
		20FE10212A34433A006B1B7F /* OnboardingMBTISelectItem.swift in Sources */ = {isa = PBXBuildFile; fileRef = 20FE10202A34433A006B1B7F /* OnboardingMBTISelectItem.swift */; };
		20FE10242A344EE9006B1B7F /* MBTIItemType.swift in Sources */ = {isa = PBXBuildFile; fileRef = 20FE10232A344EE9006B1B7F /* MBTIItemType.swift */; };
		20FE10262A344EF8006B1B7F /* MBTIType.swift in Sources */ = {isa = PBXBuildFile; fileRef = 20FE10252A344EF8006B1B7F /* MBTIType.swift */; };
		404218E42A34154400FD96FE /* RUTApp.swift in Sources */ = {isa = PBXBuildFile; fileRef = 404218E32A34154400FD96FE /* RUTApp.swift */; };
		404218E62A34154400FD96FE /* ContentView.swift in Sources */ = {isa = PBXBuildFile; fileRef = 404218E52A34154400FD96FE /* ContentView.swift */; };
		404218E82A34154400FD96FE /* Assets.xcassets in Resources */ = {isa = PBXBuildFile; fileRef = 404218E72A34154400FD96FE /* Assets.xcassets */; };
		404218EB2A34154400FD96FE /* Preview Assets.xcassets in Resources */ = {isa = PBXBuildFile; fileRef = 404218EA2A34154400FD96FE /* Preview Assets.xcassets */; };
		404218ED2A34154400FD96FE /* Item.swift in Sources */ = {isa = PBXBuildFile; fileRef = 404218EC2A34154400FD96FE /* Item.swift */; };
		404218F72A34154500FD96FE /* RUTTests.swift in Sources */ = {isa = PBXBuildFile; fileRef = 404218F62A34154500FD96FE /* RUTTests.swift */; };
		404219012A34154500FD96FE /* RUTUITests.swift in Sources */ = {isa = PBXBuildFile; fileRef = 404219002A34154500FD96FE /* RUTUITests.swift */; };
		404219032A34154500FD96FE /* RUTUITestsLaunchTests.swift in Sources */ = {isa = PBXBuildFile; fileRef = 404219022A34154500FD96FE /* RUTUITestsLaunchTests.swift */; };
		404219102A341AF500FD96FE /* Profile.swift in Sources */ = {isa = PBXBuildFile; fileRef = 4042190F2A341AF500FD96FE /* Profile.swift */; };
		5F6944462A341BCA000FA318 /* MBTITogether.swift in Sources */ = {isa = PBXBuildFile; fileRef = 5F6944452A341BCA000FA318 /* MBTITogether.swift */; };
		5F6944492A343C0D000FA318 /* IdentifiedCollections in Frameworks */ = {isa = PBXBuildFile; productRef = 5F6944482A343C0D000FA318 /* IdentifiedCollections */; };
/* End PBXBuildFile section */

/* Begin PBXContainerItemProxy section */
		404218F32A34154500FD96FE /* PBXContainerItemProxy */ = {
			isa = PBXContainerItemProxy;
			containerPortal = 404218D82A34154400FD96FE /* Project object */;
			proxyType = 1;
			remoteGlobalIDString = 404218DF2A34154400FD96FE;
			remoteInfo = RUT;
		};
		404218FD2A34154500FD96FE /* PBXContainerItemProxy */ = {
			isa = PBXContainerItemProxy;
			containerPortal = 404218D82A34154400FD96FE /* Project object */;
			proxyType = 1;
			remoteGlobalIDString = 404218DF2A34154400FD96FE;
			remoteInfo = RUT;
		};
/* End PBXContainerItemProxy section */

/* Begin PBXFileReference section */
		0E22D8002A346102007217A5 /* CatalogView.swift */ = {isa = PBXFileReference; lastKnownFileType = sourcecode.swift; path = CatalogView.swift; sourceTree = "<group>"; };
		0E22D8022A3461D6007217A5 /* CatalogItemView.swift */ = {isa = PBXFileReference; lastKnownFileType = sourcecode.swift; path = CatalogItemView.swift; sourceTree = "<group>"; };
		0E22D8042A346D65007217A5 /* CatalogSurroundingView.swift */ = {isa = PBXFileReference; lastKnownFileType = sourcecode.swift; path = CatalogSurroundingView.swift; sourceTree = "<group>"; };
		2026DDF42A34316F00AE89B9 /* Colors.xcassets */ = {isa = PBXFileReference; lastKnownFileType = folder.assetcatalog; path = Colors.xcassets; sourceTree = "<group>"; };
		2026DDF72A34347F00AE89B9 /* OnboardingContentView.swift */ = {isa = PBXFileReference; lastKnownFileType = sourcecode.swift; path = OnboardingContentView.swift; sourceTree = "<group>"; };
		2026DDF92A34349300AE89B9 /* OnboardingMBTIView.swift */ = {isa = PBXFileReference; lastKnownFileType = sourcecode.swift; path = OnboardingMBTIView.swift; sourceTree = "<group>"; };
		203B392D2A345D400097A9D7 /* Array+.swift */ = {isa = PBXFileReference; lastKnownFileType = sourcecode.swift; path = "Array+.swift"; sourceTree = "<group>"; };
		203B39302A34603D0097A9D7 /* ListItemView.swift */ = {isa = PBXFileReference; fileEncoding = 4; lastKnownFileType = sourcecode.swift; path = ListItemView.swift; sourceTree = "<group>"; };
		203B39312A34603D0097A9D7 /* MainView.swift */ = {isa = PBXFileReference; fileEncoding = 4; lastKnownFileType = sourcecode.swift; path = MainView.swift; sourceTree = "<group>"; };
		20FE101B2A3441AB006B1B7F /* OnboardingMBTISelectView.swift */ = {isa = PBXFileReference; lastKnownFileType = sourcecode.swift; path = OnboardingMBTISelectView.swift; sourceTree = "<group>"; };
		20FE101D2A34420B006B1B7F /* OnboardingMBTISelectItemView.swift */ = {isa = PBXFileReference; lastKnownFileType = sourcecode.swift; path = OnboardingMBTISelectItemView.swift; sourceTree = "<group>"; };
		20FE10202A34433A006B1B7F /* OnboardingMBTISelectItem.swift */ = {isa = PBXFileReference; lastKnownFileType = sourcecode.swift; path = OnboardingMBTISelectItem.swift; sourceTree = "<group>"; };
		20FE10232A344EE9006B1B7F /* MBTIItemType.swift */ = {isa = PBXFileReference; lastKnownFileType = sourcecode.swift; path = MBTIItemType.swift; sourceTree = "<group>"; };
		20FE10252A344EF8006B1B7F /* MBTIType.swift */ = {isa = PBXFileReference; lastKnownFileType = sourcecode.swift; path = MBTIType.swift; sourceTree = "<group>"; };
		404218E02A34154400FD96FE /* RUT.app */ = {isa = PBXFileReference; explicitFileType = wrapper.application; includeInIndex = 0; path = RUT.app; sourceTree = BUILT_PRODUCTS_DIR; };
		404218E32A34154400FD96FE /* RUTApp.swift */ = {isa = PBXFileReference; lastKnownFileType = sourcecode.swift; path = RUTApp.swift; sourceTree = "<group>"; };
		404218E52A34154400FD96FE /* ContentView.swift */ = {isa = PBXFileReference; lastKnownFileType = sourcecode.swift; path = ContentView.swift; sourceTree = "<group>"; };
		404218E72A34154400FD96FE /* Assets.xcassets */ = {isa = PBXFileReference; lastKnownFileType = folder.assetcatalog; path = Assets.xcassets; sourceTree = "<group>"; };
		404218EA2A34154400FD96FE /* Preview Assets.xcassets */ = {isa = PBXFileReference; lastKnownFileType = folder.assetcatalog; path = "Preview Assets.xcassets"; sourceTree = "<group>"; };
		404218EC2A34154400FD96FE /* Item.swift */ = {isa = PBXFileReference; lastKnownFileType = sourcecode.swift; path = Item.swift; sourceTree = "<group>"; };
		404218F22A34154400FD96FE /* RUTTests.xctest */ = {isa = PBXFileReference; explicitFileType = wrapper.cfbundle; includeInIndex = 0; path = RUTTests.xctest; sourceTree = BUILT_PRODUCTS_DIR; };
		404218F62A34154500FD96FE /* RUTTests.swift */ = {isa = PBXFileReference; lastKnownFileType = sourcecode.swift; path = RUTTests.swift; sourceTree = "<group>"; };
		404218FC2A34154500FD96FE /* RUTUITests.xctest */ = {isa = PBXFileReference; explicitFileType = wrapper.cfbundle; includeInIndex = 0; path = RUTUITests.xctest; sourceTree = BUILT_PRODUCTS_DIR; };
		404219002A34154500FD96FE /* RUTUITests.swift */ = {isa = PBXFileReference; lastKnownFileType = sourcecode.swift; path = RUTUITests.swift; sourceTree = "<group>"; };
		404219022A34154500FD96FE /* RUTUITestsLaunchTests.swift */ = {isa = PBXFileReference; lastKnownFileType = sourcecode.swift; path = RUTUITestsLaunchTests.swift; sourceTree = "<group>"; };
		4042190F2A341AF500FD96FE /* Profile.swift */ = {isa = PBXFileReference; lastKnownFileType = sourcecode.swift; path = Profile.swift; sourceTree = "<group>"; };
		5F6944442A341A3D000FA318 /* RUT.entitlements */ = {isa = PBXFileReference; lastKnownFileType = text.plist.entitlements; path = RUT.entitlements; sourceTree = "<group>"; };
		5F6944452A341BCA000FA318 /* MBTITogether.swift */ = {isa = PBXFileReference; lastKnownFileType = sourcecode.swift; path = MBTITogether.swift; sourceTree = "<group>"; };
/* End PBXFileReference section */

/* Begin PBXFrameworksBuildPhase section */
		404218DD2A34154400FD96FE /* Frameworks */ = {
			isa = PBXFrameworksBuildPhase;
			buildActionMask = 2147483647;
			files = (
				5F6944492A343C0D000FA318 /* IdentifiedCollections in Frameworks */,
			);
			runOnlyForDeploymentPostprocessing = 0;
		};
		404218EF2A34154400FD96FE /* Frameworks */ = {
			isa = PBXFrameworksBuildPhase;
			buildActionMask = 2147483647;
			files = (
			);
			runOnlyForDeploymentPostprocessing = 0;
		};
		404218F92A34154500FD96FE /* Frameworks */ = {
			isa = PBXFrameworksBuildPhase;
			buildActionMask = 2147483647;
			files = (
			);
			runOnlyForDeploymentPostprocessing = 0;
		};
/* End PBXFrameworksBuildPhase section */

/* Begin PBXGroup section */
		0E22D7FE2A345499007217A5 /* Main */ = {
			isa = PBXGroup;
			children = (
				203B39312A34603D0097A9D7 /* MainView.swift */,
				203B39302A34603D0097A9D7 /* ListItemView.swift */,
			);
			path = Main;
			sourceTree = "<group>";
		};
		0E22D7FF2A346083007217A5 /* Catalog */ = {
			isa = PBXGroup;
			children = (
				0E22D8002A346102007217A5 /* CatalogView.swift */,
				0E22D8022A3461D6007217A5 /* CatalogItemView.swift */,
				0E22D8042A346D65007217A5 /* CatalogSurroundingView.swift */,
			);
			path = Catalog;
			sourceTree = "<group>";
		};
		2026DDF32A34316100AE89B9 /* Supports */ = {
			isa = PBXGroup;
			children = (
				404218E72A34154400FD96FE /* Assets.xcassets */,
				2026DDF42A34316F00AE89B9 /* Colors.xcassets */,
			);
			path = Supports;
			sourceTree = "<group>";
		};
		2026DDF62A34331100AE89B9 /* Onboarding */ = {
			isa = PBXGroup;
			children = (
				20FE101F2A344332006B1B7F /* Model */,
				2026DDF72A34347F00AE89B9 /* OnboardingContentView.swift */,
				2026DDF92A34349300AE89B9 /* OnboardingMBTIView.swift */,
				20FE101B2A3441AB006B1B7F /* OnboardingMBTISelectView.swift */,
				20FE101D2A34420B006B1B7F /* OnboardingMBTISelectItemView.swift */,
			);
			path = Onboarding;
			sourceTree = "<group>";
		};
		203B392F2A345FC80097A9D7 /* Extension */ = {
			isa = PBXGroup;
			children = (
				203B392D2A345D400097A9D7 /* Array+.swift */,
			);
			path = Extension;
			sourceTree = "<group>";
		};
		20FE101F2A344332006B1B7F /* Model */ = {
			isa = PBXGroup;
			children = (
				20FE10202A34433A006B1B7F /* OnboardingMBTISelectItem.swift */,
			);
			path = Model;
			sourceTree = "<group>";
		};
		20FE10222A344EDF006B1B7F /* Model */ = {
			isa = PBXGroup;
			children = (
				20FE10232A344EE9006B1B7F /* MBTIItemType.swift */,
				20FE10252A344EF8006B1B7F /* MBTIType.swift */,
			);
			path = Model;
			sourceTree = "<group>";
		};
		404218D72A34154400FD96FE = {
			isa = PBXGroup;
			children = (
				404218E22A34154400FD96FE /* RUT */,
				404218F52A34154500FD96FE /* RUTTests */,
				404218FF2A34154500FD96FE /* RUTUITests */,
				404218E12A34154400FD96FE /* Products */,
			);
			sourceTree = "<group>";
		};
		404218E12A34154400FD96FE /* Products */ = {
			isa = PBXGroup;
			children = (
				404218E02A34154400FD96FE /* RUT.app */,
				404218F22A34154400FD96FE /* RUTTests.xctest */,
				404218FC2A34154500FD96FE /* RUTUITests.xctest */,
			);
			name = Products;
			sourceTree = "<group>";
		};
		404218E22A34154400FD96FE /* RUT */ = {
			isa = PBXGroup;
			children = (
				20FE10222A344EDF006B1B7F /* Model */,
				0E22D7FE2A345499007217A5 /* Main */,
				0E22D7FF2A346083007217A5 /* Catalog */,
				2026DDF62A34331100AE89B9 /* Onboarding */,
				5F6944442A341A3D000FA318 /* RUT.entitlements */,
				404218E32A34154400FD96FE /* RUTApp.swift */,
				404218E52A34154400FD96FE /* ContentView.swift */,
				404218EC2A34154400FD96FE /* Item.swift */,
				4042190F2A341AF500FD96FE /* Profile.swift */,
				5F6944452A341BCA000FA318 /* MBTITogether.swift */,
				404218E92A34154400FD96FE /* Preview Content */,
				2026DDF32A34316100AE89B9 /* Supports */,
				203B392F2A345FC80097A9D7 /* Extension */,
			);
			path = RUT;
			sourceTree = "<group>";
		};
		404218E92A34154400FD96FE /* Preview Content */ = {
			isa = PBXGroup;
			children = (
				404218EA2A34154400FD96FE /* Preview Assets.xcassets */,
			);
			path = "Preview Content";
			sourceTree = "<group>";
		};
		404218F52A34154500FD96FE /* RUTTests */ = {
			isa = PBXGroup;
			children = (
				404218F62A34154500FD96FE /* RUTTests.swift */,
			);
			path = RUTTests;
			sourceTree = "<group>";
		};
		404218FF2A34154500FD96FE /* RUTUITests */ = {
			isa = PBXGroup;
			children = (
				404219002A34154500FD96FE /* RUTUITests.swift */,
				404219022A34154500FD96FE /* RUTUITestsLaunchTests.swift */,
			);
			path = RUTUITests;
			sourceTree = "<group>";
		};
/* End PBXGroup section */

/* Begin PBXNativeTarget section */
		404218DF2A34154400FD96FE /* RUT */ = {
			isa = PBXNativeTarget;
			buildConfigurationList = 404219062A34154500FD96FE /* Build configuration list for PBXNativeTarget "RUT" */;
			buildPhases = (
				404218DC2A34154400FD96FE /* Sources */,
				404218DD2A34154400FD96FE /* Frameworks */,
				404218DE2A34154400FD96FE /* Resources */,
			);
			buildRules = (
			);
			dependencies = (
			);
			name = RUT;
			packageProductDependencies = (
				5F6944482A343C0D000FA318 /* IdentifiedCollections */,
			);
			productName = RUT;
			productReference = 404218E02A34154400FD96FE /* RUT.app */;
			productType = "com.apple.product-type.application";
		};
		404218F12A34154400FD96FE /* RUTTests */ = {
			isa = PBXNativeTarget;
			buildConfigurationList = 404219092A34154500FD96FE /* Build configuration list for PBXNativeTarget "RUTTests" */;
			buildPhases = (
				404218EE2A34154400FD96FE /* Sources */,
				404218EF2A34154400FD96FE /* Frameworks */,
				404218F02A34154400FD96FE /* Resources */,
			);
			buildRules = (
			);
			dependencies = (
				404218F42A34154500FD96FE /* PBXTargetDependency */,
			);
			name = RUTTests;
			productName = RUTTests;
			productReference = 404218F22A34154400FD96FE /* RUTTests.xctest */;
			productType = "com.apple.product-type.bundle.unit-test";
		};
		404218FB2A34154500FD96FE /* RUTUITests */ = {
			isa = PBXNativeTarget;
			buildConfigurationList = 4042190C2A34154500FD96FE /* Build configuration list for PBXNativeTarget "RUTUITests" */;
			buildPhases = (
				404218F82A34154500FD96FE /* Sources */,
				404218F92A34154500FD96FE /* Frameworks */,
				404218FA2A34154500FD96FE /* Resources */,
			);
			buildRules = (
			);
			dependencies = (
				404218FE2A34154500FD96FE /* PBXTargetDependency */,
			);
			name = RUTUITests;
			productName = RUTUITests;
			productReference = 404218FC2A34154500FD96FE /* RUTUITests.xctest */;
			productType = "com.apple.product-type.bundle.ui-testing";
		};
/* End PBXNativeTarget section */

/* Begin PBXProject section */
		404218D82A34154400FD96FE /* Project object */ = {
			isa = PBXProject;
			attributes = {
				BuildIndependentTargetsInParallel = 1;
				LastSwiftUpdateCheck = 1500;
				LastUpgradeCheck = 1500;
				TargetAttributes = {
					404218DF2A34154400FD96FE = {
						CreatedOnToolsVersion = 15.0;
					};
					404218F12A34154400FD96FE = {
						CreatedOnToolsVersion = 15.0;
						TestTargetID = 404218DF2A34154400FD96FE;
					};
					404218FB2A34154500FD96FE = {
						CreatedOnToolsVersion = 15.0;
						TestTargetID = 404218DF2A34154400FD96FE;
					};
				};
			};
			buildConfigurationList = 404218DB2A34154400FD96FE /* Build configuration list for PBXProject "RUT" */;
			compatibilityVersion = "Xcode 14.0";
			developmentRegion = en;
			hasScannedForEncodings = 0;
			knownRegions = (
				en,
				Base,
			);
			mainGroup = 404218D72A34154400FD96FE;
			packageReferences = (
				5F6944472A343C0D000FA318 /* XCRemoteSwiftPackageReference "swift-identified-collections" */,
			);
			productRefGroup = 404218E12A34154400FD96FE /* Products */;
			projectDirPath = "";
			projectRoot = "";
			targets = (
				404218DF2A34154400FD96FE /* RUT */,
				404218F12A34154400FD96FE /* RUTTests */,
				404218FB2A34154500FD96FE /* RUTUITests */,
			);
		};
/* End PBXProject section */

/* Begin PBXResourcesBuildPhase section */
		404218DE2A34154400FD96FE /* Resources */ = {
			isa = PBXResourcesBuildPhase;
			buildActionMask = 2147483647;
			files = (
				2026DDF52A34316F00AE89B9 /* Colors.xcassets in Resources */,
				404218EB2A34154400FD96FE /* Preview Assets.xcassets in Resources */,
				404218E82A34154400FD96FE /* Assets.xcassets in Resources */,
			);
			runOnlyForDeploymentPostprocessing = 0;
		};
		404218F02A34154400FD96FE /* Resources */ = {
			isa = PBXResourcesBuildPhase;
			buildActionMask = 2147483647;
			files = (
			);
			runOnlyForDeploymentPostprocessing = 0;
		};
		404218FA2A34154500FD96FE /* Resources */ = {
			isa = PBXResourcesBuildPhase;
			buildActionMask = 2147483647;
			files = (
			);
			runOnlyForDeploymentPostprocessing = 0;
		};
/* End PBXResourcesBuildPhase section */

/* Begin PBXSourcesBuildPhase section */
		404218DC2A34154400FD96FE /* Sources */ = {
			isa = PBXSourcesBuildPhase;
			buildActionMask = 2147483647;
			files = (
				404218E62A34154400FD96FE /* ContentView.swift in Sources */,
				203B39322A34603D0097A9D7 /* ListItemView.swift in Sources */,
				0E22D8012A346102007217A5 /* CatalogView.swift in Sources */,
				203B392E2A345D400097A9D7 /* Array+.swift in Sources */,
				20FE10212A34433A006B1B7F /* OnboardingMBTISelectItem.swift in Sources */,
				20FE101E2A34420B006B1B7F /* OnboardingMBTISelectItemView.swift in Sources */,
				404219102A341AF500FD96FE /* Profile.swift in Sources */,
				404218ED2A34154400FD96FE /* Item.swift in Sources */,
				20FE101C2A3441AB006B1B7F /* OnboardingMBTISelectView.swift in Sources */,
				404218E42A34154400FD96FE /* RUTApp.swift in Sources */,
				20FE10262A344EF8006B1B7F /* MBTIType.swift in Sources */,
				0E22D8032A3461D6007217A5 /* CatalogItemView.swift in Sources */,
				5F6944462A341BCA000FA318 /* MBTITogether.swift in Sources */,
				2026DDFA2A34349300AE89B9 /* OnboardingMBTIView.swift in Sources */,
				20FE10242A344EE9006B1B7F /* MBTIItemType.swift in Sources */,
				203B39332A34603D0097A9D7 /* MainView.swift in Sources */,
				2026DDF82A34347F00AE89B9 /* OnboardingContentView.swift in Sources */,
				0E22D8052A346D65007217A5 /* CatalogSurroundingView.swift in Sources */,
			);
			runOnlyForDeploymentPostprocessing = 0;
		};
		404218EE2A34154400FD96FE /* Sources */ = {
			isa = PBXSourcesBuildPhase;
			buildActionMask = 2147483647;
			files = (
				404218F72A34154500FD96FE /* RUTTests.swift in Sources */,
			);
			runOnlyForDeploymentPostprocessing = 0;
		};
		404218F82A34154500FD96FE /* Sources */ = {
			isa = PBXSourcesBuildPhase;
			buildActionMask = 2147483647;
			files = (
				404219032A34154500FD96FE /* RUTUITestsLaunchTests.swift in Sources */,
				404219012A34154500FD96FE /* RUTUITests.swift in Sources */,
			);
			runOnlyForDeploymentPostprocessing = 0;
		};
/* End PBXSourcesBuildPhase section */

/* Begin PBXTargetDependency section */
		404218F42A34154500FD96FE /* PBXTargetDependency */ = {
			isa = PBXTargetDependency;
			target = 404218DF2A34154400FD96FE /* RUT */;
			targetProxy = 404218F32A34154500FD96FE /* PBXContainerItemProxy */;
		};
		404218FE2A34154500FD96FE /* PBXTargetDependency */ = {
			isa = PBXTargetDependency;
			target = 404218DF2A34154400FD96FE /* RUT */;
			targetProxy = 404218FD2A34154500FD96FE /* PBXContainerItemProxy */;
		};
/* End PBXTargetDependency section */

/* Begin XCBuildConfiguration section */
		404219042A34154500FD96FE /* Debug */ = {
			isa = XCBuildConfiguration;
			buildSettings = {
				ALWAYS_SEARCH_USER_PATHS = NO;
				ASSETCATALOG_COMPILER_GENERATE_SWIFT_ASSET_SYMBOL_EXTENSIONS = YES;
				CLANG_ANALYZER_NONNULL = YES;
				CLANG_ANALYZER_NUMBER_OBJECT_CONVERSION = YES_AGGRESSIVE;
				CLANG_CXX_LANGUAGE_STANDARD = "gnu++20";
				CLANG_ENABLE_MODULES = YES;
				CLANG_ENABLE_OBJC_ARC = YES;
				CLANG_ENABLE_OBJC_WEAK = YES;
				CLANG_WARN_BLOCK_CAPTURE_AUTORELEASING = YES;
				CLANG_WARN_BOOL_CONVERSION = YES;
				CLANG_WARN_COMMA = YES;
				CLANG_WARN_CONSTANT_CONVERSION = YES;
				CLANG_WARN_DEPRECATED_OBJC_IMPLEMENTATIONS = YES;
				CLANG_WARN_DIRECT_OBJC_ISA_USAGE = YES_ERROR;
				CLANG_WARN_DOCUMENTATION_COMMENTS = YES;
				CLANG_WARN_EMPTY_BODY = YES;
				CLANG_WARN_ENUM_CONVERSION = YES;
				CLANG_WARN_INFINITE_RECURSION = YES;
				CLANG_WARN_INT_CONVERSION = YES;
				CLANG_WARN_NON_LITERAL_NULL_CONVERSION = YES;
				CLANG_WARN_OBJC_IMPLICIT_RETAIN_SELF = YES;
				CLANG_WARN_OBJC_LITERAL_CONVERSION = YES;
				CLANG_WARN_OBJC_ROOT_CLASS = YES_ERROR;
				CLANG_WARN_QUOTED_INCLUDE_IN_FRAMEWORK_HEADER = YES;
				CLANG_WARN_RANGE_LOOP_ANALYSIS = YES;
				CLANG_WARN_STRICT_PROTOTYPES = YES;
				CLANG_WARN_SUSPICIOUS_MOVE = YES;
				CLANG_WARN_UNGUARDED_AVAILABILITY = YES_AGGRESSIVE;
				CLANG_WARN_UNREACHABLE_CODE = YES;
				CLANG_WARN__DUPLICATE_METHOD_MATCH = YES;
				COPY_PHASE_STRIP = NO;
				DEBUG_INFORMATION_FORMAT = dwarf;
				ENABLE_STRICT_OBJC_MSGSEND = YES;
				ENABLE_TESTABILITY = YES;
				ENABLE_USER_SCRIPT_SANDBOXING = YES;
				GCC_C_LANGUAGE_STANDARD = gnu17;
				GCC_DYNAMIC_NO_PIC = NO;
				GCC_NO_COMMON_BLOCKS = YES;
				GCC_OPTIMIZATION_LEVEL = 0;
				GCC_PREPROCESSOR_DEFINITIONS = (
					"DEBUG=1",
					"$(inherited)",
				);
				GCC_WARN_64_TO_32_BIT_CONVERSION = YES;
				GCC_WARN_ABOUT_RETURN_TYPE = YES_ERROR;
				GCC_WARN_UNDECLARED_SELECTOR = YES;
				GCC_WARN_UNINITIALIZED_AUTOS = YES_AGGRESSIVE;
				GCC_WARN_UNUSED_FUNCTION = YES;
				GCC_WARN_UNUSED_VARIABLE = YES;
				IPHONEOS_DEPLOYMENT_TARGET = 17.0;
				LOCALIZATION_PREFERS_STRING_CATALOGS = YES;
				MTL_ENABLE_DEBUG_INFO = INCLUDE_SOURCE;
				MTL_FAST_MATH = YES;
				ONLY_ACTIVE_ARCH = YES;
				SDKROOT = iphoneos;
				SWIFT_ACTIVE_COMPILATION_CONDITIONS = "DEBUG $(inherited)";
				SWIFT_OPTIMIZATION_LEVEL = "-Onone";
			};
			name = Debug;
		};
		404219052A34154500FD96FE /* Release */ = {
			isa = XCBuildConfiguration;
			buildSettings = {
				ALWAYS_SEARCH_USER_PATHS = NO;
				ASSETCATALOG_COMPILER_GENERATE_SWIFT_ASSET_SYMBOL_EXTENSIONS = YES;
				CLANG_ANALYZER_NONNULL = YES;
				CLANG_ANALYZER_NUMBER_OBJECT_CONVERSION = YES_AGGRESSIVE;
				CLANG_CXX_LANGUAGE_STANDARD = "gnu++20";
				CLANG_ENABLE_MODULES = YES;
				CLANG_ENABLE_OBJC_ARC = YES;
				CLANG_ENABLE_OBJC_WEAK = YES;
				CLANG_WARN_BLOCK_CAPTURE_AUTORELEASING = YES;
				CLANG_WARN_BOOL_CONVERSION = YES;
				CLANG_WARN_COMMA = YES;
				CLANG_WARN_CONSTANT_CONVERSION = YES;
				CLANG_WARN_DEPRECATED_OBJC_IMPLEMENTATIONS = YES;
				CLANG_WARN_DIRECT_OBJC_ISA_USAGE = YES_ERROR;
				CLANG_WARN_DOCUMENTATION_COMMENTS = YES;
				CLANG_WARN_EMPTY_BODY = YES;
				CLANG_WARN_ENUM_CONVERSION = YES;
				CLANG_WARN_INFINITE_RECURSION = YES;
				CLANG_WARN_INT_CONVERSION = YES;
				CLANG_WARN_NON_LITERAL_NULL_CONVERSION = YES;
				CLANG_WARN_OBJC_IMPLICIT_RETAIN_SELF = YES;
				CLANG_WARN_OBJC_LITERAL_CONVERSION = YES;
				CLANG_WARN_OBJC_ROOT_CLASS = YES_ERROR;
				CLANG_WARN_QUOTED_INCLUDE_IN_FRAMEWORK_HEADER = YES;
				CLANG_WARN_RANGE_LOOP_ANALYSIS = YES;
				CLANG_WARN_STRICT_PROTOTYPES = YES;
				CLANG_WARN_SUSPICIOUS_MOVE = YES;
				CLANG_WARN_UNGUARDED_AVAILABILITY = YES_AGGRESSIVE;
				CLANG_WARN_UNREACHABLE_CODE = YES;
				CLANG_WARN__DUPLICATE_METHOD_MATCH = YES;
				COPY_PHASE_STRIP = NO;
				DEBUG_INFORMATION_FORMAT = "dwarf-with-dsym";
				ENABLE_NS_ASSERTIONS = NO;
				ENABLE_STRICT_OBJC_MSGSEND = YES;
				ENABLE_USER_SCRIPT_SANDBOXING = YES;
				GCC_C_LANGUAGE_STANDARD = gnu17;
				GCC_NO_COMMON_BLOCKS = YES;
				GCC_WARN_64_TO_32_BIT_CONVERSION = YES;
				GCC_WARN_ABOUT_RETURN_TYPE = YES_ERROR;
				GCC_WARN_UNDECLARED_SELECTOR = YES;
				GCC_WARN_UNINITIALIZED_AUTOS = YES_AGGRESSIVE;
				GCC_WARN_UNUSED_FUNCTION = YES;
				GCC_WARN_UNUSED_VARIABLE = YES;
				IPHONEOS_DEPLOYMENT_TARGET = 17.0;
				LOCALIZATION_PREFERS_STRING_CATALOGS = YES;
				MTL_ENABLE_DEBUG_INFO = NO;
				MTL_FAST_MATH = YES;
				SDKROOT = iphoneos;
				SWIFT_COMPILATION_MODE = wholemodule;
				VALIDATE_PRODUCT = YES;
			};
			name = Release;
		};
		404219072A34154500FD96FE /* Debug */ = {
			isa = XCBuildConfiguration;
			buildSettings = {
				ASSETCATALOG_COMPILER_APPICON_NAME = AppIcon;
				ASSETCATALOG_COMPILER_GLOBAL_ACCENT_COLOR_NAME = AccentColor;
				CODE_SIGN_ENTITLEMENTS = RUT/RUT.entitlements;
				CODE_SIGN_STYLE = Automatic;
				CURRENT_PROJECT_VERSION = 1;
				DEVELOPMENT_ASSET_PATHS = "\"RUT/Preview Content\"";
				DEVELOPMENT_TEAM = U8U4L6FXAF;
				ENABLE_PREVIEWS = YES;
				GENERATE_INFOPLIST_FILE = YES;
				INFOPLIST_KEY_UIApplicationSceneManifest_Generation = YES;
				INFOPLIST_KEY_UIApplicationSupportsIndirectInputEvents = YES;
				INFOPLIST_KEY_UILaunchScreen_Generation = YES;
				INFOPLIST_KEY_UISupportedInterfaceOrientations_iPad = "UIInterfaceOrientationPortrait UIInterfaceOrientationPortraitUpsideDown UIInterfaceOrientationLandscapeLeft UIInterfaceOrientationLandscapeRight";
				INFOPLIST_KEY_UISupportedInterfaceOrientations_iPhone = "UIInterfaceOrientationPortrait UIInterfaceOrientationLandscapeLeft UIInterfaceOrientationLandscapeRight";
				LD_RUNPATH_SEARCH_PATHS = (
					"$(inherited)",
					"@executable_path/Frameworks",
				);
				MARKETING_VERSION = 1.0;
				PRODUCT_BUNDLE_IDENTIFIER = com.letus.RUT;
				PRODUCT_NAME = "$(TARGET_NAME)";
				SWIFT_EMIT_LOC_STRINGS = YES;
				SWIFT_VERSION = 5.0;
				TARGETED_DEVICE_FAMILY = "1,2";
			};
			name = Debug;
		};
		404219082A34154500FD96FE /* Release */ = {
			isa = XCBuildConfiguration;
			buildSettings = {
				ASSETCATALOG_COMPILER_APPICON_NAME = AppIcon;
				ASSETCATALOG_COMPILER_GLOBAL_ACCENT_COLOR_NAME = AccentColor;
				CODE_SIGN_ENTITLEMENTS = RUT/RUT.entitlements;
				CODE_SIGN_STYLE = Automatic;
				CURRENT_PROJECT_VERSION = 1;
				DEVELOPMENT_ASSET_PATHS = "\"RUT/Preview Content\"";
				DEVELOPMENT_TEAM = U8U4L6FXAF;
				ENABLE_PREVIEWS = YES;
				GENERATE_INFOPLIST_FILE = YES;
				INFOPLIST_KEY_UIApplicationSceneManifest_Generation = YES;
				INFOPLIST_KEY_UIApplicationSupportsIndirectInputEvents = YES;
				INFOPLIST_KEY_UILaunchScreen_Generation = YES;
				INFOPLIST_KEY_UISupportedInterfaceOrientations_iPad = "UIInterfaceOrientationPortrait UIInterfaceOrientationPortraitUpsideDown UIInterfaceOrientationLandscapeLeft UIInterfaceOrientationLandscapeRight";
				INFOPLIST_KEY_UISupportedInterfaceOrientations_iPhone = "UIInterfaceOrientationPortrait UIInterfaceOrientationLandscapeLeft UIInterfaceOrientationLandscapeRight";
				LD_RUNPATH_SEARCH_PATHS = (
					"$(inherited)",
					"@executable_path/Frameworks",
				);
				MARKETING_VERSION = 1.0;
				PRODUCT_BUNDLE_IDENTIFIER = com.letus.RUT;
				PRODUCT_NAME = "$(TARGET_NAME)";
				SWIFT_EMIT_LOC_STRINGS = YES;
				SWIFT_VERSION = 5.0;
				TARGETED_DEVICE_FAMILY = "1,2";
			};
			name = Release;
		};
		4042190A2A34154500FD96FE /* Debug */ = {
			isa = XCBuildConfiguration;
			buildSettings = {
				ALWAYS_EMBED_SWIFT_STANDARD_LIBRARIES = YES;
				BUNDLE_LOADER = "$(TEST_HOST)";
				CODE_SIGN_STYLE = Automatic;
				CURRENT_PROJECT_VERSION = 1;
				DEVELOPMENT_TEAM = 85329TR25G;
				GENERATE_INFOPLIST_FILE = YES;
				IPHONEOS_DEPLOYMENT_TARGET = 17.0;
				MARKETING_VERSION = 1.0;
				PRODUCT_BUNDLE_IDENTIFIER = com.havi.RUTTests;
				PRODUCT_NAME = "$(TARGET_NAME)";
				SWIFT_EMIT_LOC_STRINGS = NO;
				SWIFT_VERSION = 5.0;
				TARGETED_DEVICE_FAMILY = "1,2";
				TEST_HOST = "$(BUILT_PRODUCTS_DIR)/RUT.app/$(BUNDLE_EXECUTABLE_FOLDER_PATH)/RUT";
			};
			name = Debug;
		};
		4042190B2A34154500FD96FE /* Release */ = {
			isa = XCBuildConfiguration;
			buildSettings = {
				ALWAYS_EMBED_SWIFT_STANDARD_LIBRARIES = YES;
				BUNDLE_LOADER = "$(TEST_HOST)";
				CODE_SIGN_STYLE = Automatic;
				CURRENT_PROJECT_VERSION = 1;
				DEVELOPMENT_TEAM = 85329TR25G;
				GENERATE_INFOPLIST_FILE = YES;
				IPHONEOS_DEPLOYMENT_TARGET = 17.0;
				MARKETING_VERSION = 1.0;
				PRODUCT_BUNDLE_IDENTIFIER = com.havi.RUTTests;
				PRODUCT_NAME = "$(TARGET_NAME)";
				SWIFT_EMIT_LOC_STRINGS = NO;
				SWIFT_VERSION = 5.0;
				TARGETED_DEVICE_FAMILY = "1,2";
				TEST_HOST = "$(BUILT_PRODUCTS_DIR)/RUT.app/$(BUNDLE_EXECUTABLE_FOLDER_PATH)/RUT";
			};
			name = Release;
		};
		4042190D2A34154500FD96FE /* Debug */ = {
			isa = XCBuildConfiguration;
			buildSettings = {
				ALWAYS_EMBED_SWIFT_STANDARD_LIBRARIES = YES;
				CODE_SIGN_STYLE = Automatic;
				CURRENT_PROJECT_VERSION = 1;
				DEVELOPMENT_TEAM = 85329TR25G;
				GENERATE_INFOPLIST_FILE = YES;
				MARKETING_VERSION = 1.0;
				PRODUCT_BUNDLE_IDENTIFIER = com.havi.RUTUITests;
				PRODUCT_NAME = "$(TARGET_NAME)";
				SWIFT_EMIT_LOC_STRINGS = NO;
				SWIFT_VERSION = 5.0;
				TARGETED_DEVICE_FAMILY = "1,2";
				TEST_TARGET_NAME = RUT;
			};
			name = Debug;
		};
		4042190E2A34154500FD96FE /* Release */ = {
			isa = XCBuildConfiguration;
			buildSettings = {
				ALWAYS_EMBED_SWIFT_STANDARD_LIBRARIES = YES;
				CODE_SIGN_STYLE = Automatic;
				CURRENT_PROJECT_VERSION = 1;
				DEVELOPMENT_TEAM = 85329TR25G;
				GENERATE_INFOPLIST_FILE = YES;
				MARKETING_VERSION = 1.0;
				PRODUCT_BUNDLE_IDENTIFIER = com.havi.RUTUITests;
				PRODUCT_NAME = "$(TARGET_NAME)";
				SWIFT_EMIT_LOC_STRINGS = NO;
				SWIFT_VERSION = 5.0;
				TARGETED_DEVICE_FAMILY = "1,2";
				TEST_TARGET_NAME = RUT;
			};
			name = Release;
		};
/* End XCBuildConfiguration section */

/* Begin XCConfigurationList section */
		404218DB2A34154400FD96FE /* Build configuration list for PBXProject "RUT" */ = {
			isa = XCConfigurationList;
			buildConfigurations = (
				404219042A34154500FD96FE /* Debug */,
				404219052A34154500FD96FE /* Release */,
			);
			defaultConfigurationIsVisible = 0;
			defaultConfigurationName = Release;
		};
		404219062A34154500FD96FE /* Build configuration list for PBXNativeTarget "RUT" */ = {
			isa = XCConfigurationList;
			buildConfigurations = (
				404219072A34154500FD96FE /* Debug */,
				404219082A34154500FD96FE /* Release */,
			);
			defaultConfigurationIsVisible = 0;
			defaultConfigurationName = Release;
		};
		404219092A34154500FD96FE /* Build configuration list for PBXNativeTarget "RUTTests" */ = {
			isa = XCConfigurationList;
			buildConfigurations = (
				4042190A2A34154500FD96FE /* Debug */,
				4042190B2A34154500FD96FE /* Release */,
			);
			defaultConfigurationIsVisible = 0;
			defaultConfigurationName = Release;
		};
		4042190C2A34154500FD96FE /* Build configuration list for PBXNativeTarget "RUTUITests" */ = {
			isa = XCConfigurationList;
			buildConfigurations = (
				4042190D2A34154500FD96FE /* Debug */,
				4042190E2A34154500FD96FE /* Release */,
			);
			defaultConfigurationIsVisible = 0;
			defaultConfigurationName = Release;
		};
/* End XCConfigurationList section */

/* Begin XCRemoteSwiftPackageReference section */
		5F6944472A343C0D000FA318 /* XCRemoteSwiftPackageReference "swift-identified-collections" */ = {
			isa = XCRemoteSwiftPackageReference;
			repositoryURL = "https://github.com/pointfreeco/swift-identified-collections";
			requirement = {
				kind = upToNextMajorVersion;
				minimumVersion = 0.7.1;
			};
		};
/* End XCRemoteSwiftPackageReference section */

/* Begin XCSwiftPackageProductDependency section */
		5F6944482A343C0D000FA318 /* IdentifiedCollections */ = {
			isa = XCSwiftPackageProductDependency;
			package = 5F6944472A343C0D000FA318 /* XCRemoteSwiftPackageReference "swift-identified-collections" */;
			productName = IdentifiedCollections;
		};
/* End XCSwiftPackageProductDependency section */
	};
	rootObject = 404218D82A34154400FD96FE /* Project object */;
}
